
Microsoft Visual Studio Solution File, Format Version 12.00
# Visual Studio Version 17
VisualStudioVersion = 17.0.31912.275
MinimumVisualStudioVersion = 10.0.40219.1
Project("{FAE04EC0-301F-11D3-BF4B-00C04F79EFBC}") = "Sudoku", "Sudoku\Sudoku.csproj", "{40985C6C-580C-406B-A073-C8A0187E2EE3}"
EndProject
Global
	GlobalSection(SolutionConfigurationPlatforms) = preSolution
		Debug|Any CPU = Debug|Any CPU
		Release|Any CPU = Release|Any CPU
	EndGlobalSection
	GlobalSection(ProjectConfigurationPlatforms) = postSolution
		{40985C6C-580C-406B-A073-C8A0187E2EE3}.Debug|Any CPU.ActiveCfg = Debug|Any CPU
		{40985C6C-580C-406B-A073-C8A0187E2EE3}.Debug|Any CPU.Build.0 = Debug|Any CPU
		{40985C6C-580C-406B-A073-C8A0187E2EE3}.Release|Any CPU.ActiveCfg = Release|Any CPU
		{40985C6C-580C-406B-A073-C8A0187E2EE3}.Release|Any CPU.Build.0 = Release|Any CPU
	EndGlobalSection
	GlobalSection(SolutionProperties) = preSolution
		HideSolutionNode = FALSE
	EndGlobalSection
	GlobalSection(ExtensibilityGlobals) = postSolution
		SolutionGuid = {E864C889-1F1B-429B-B233-A0376FE5A65C}
	EndGlobalSection
EndGlobal
